
Microsoft Visual Studio Solution File, Format Version 12.00
# Visual Studio 15
VisualStudioVersion = 15.0.28010.2048
MinimumVisualStudioVersion = 10.0.40219.1
Project("{FAE04EC0-301F-11D3-BF4B-00C04F79EFBC}") = "EAExtensions.TypeExtensions", "src\EAExtensions.TypeExtensions\EAExtensions.TypeExtensions.csproj", "{A7F2C908-587D-45C9-B0C8-42ED022D9BA9}"
EndProject
Project("{FAE04EC0-301F-11D3-BF4B-00C04F79EFBC}") = "EAExtensions.PropertyInfoExtensions", "src\EAExtensions.PropertyInfoExtensions\EAExtensions.PropertyInfoExtensions.csproj", "{4C124982-8D0C-458B-B7BD-0F2836130109}"
EndProject
Global
	GlobalSection(SolutionConfigurationPlatforms) = preSolution
		Debug|Any CPU = Debug|Any CPU
		Release|Any CPU = Release|Any CPU
	EndGlobalSection
	GlobalSection(ProjectConfigurationPlatforms) = postSolution
		{A7F2C908-587D-45C9-B0C8-42ED022D9BA9}.Debug|Any CPU.ActiveCfg = Debug|Any CPU
		{A7F2C908-587D-45C9-B0C8-42ED022D9BA9}.Debug|Any CPU.Build.0 = Debug|Any CPU
		{A7F2C908-587D-45C9-B0C8-42ED022D9BA9}.Release|Any CPU.ActiveCfg = Release|Any CPU
		{A7F2C908-587D-45C9-B0C8-42ED022D9BA9}.Release|Any CPU.Build.0 = Release|Any CPU
		{4C124982-8D0C-458B-B7BD-0F2836130109}.Debug|Any CPU.ActiveCfg = Debug|Any CPU
		{4C124982-8D0C-458B-B7BD-0F2836130109}.Debug|Any CPU.Build.0 = Debug|Any CPU
		{4C124982-8D0C-458B-B7BD-0F2836130109}.Release|Any CPU.ActiveCfg = Release|Any CPU
		{4C124982-8D0C-458B-B7BD-0F2836130109}.Release|Any CPU.Build.0 = Release|Any CPU
	EndGlobalSection
	GlobalSection(SolutionProperties) = preSolution
		HideSolutionNode = FALSE
	EndGlobalSection
	GlobalSection(ExtensibilityGlobals) = postSolution
		SolutionGuid = {FFED2A8E-1660-4B61-BDB5-647E21FB0BC5}
	EndGlobalSection
EndGlobal
